
Microsoft Visual Studio Solution File, Format Version 12.00
# Visual Studio Version 16
VisualStudioVersion = 16.0.31105.61
MinimumVisualStudioVersion = 10.0.40219.1
Project("{FAE04EC0-301F-11D3-BF4B-00C04F79EFBC}") = "Server", "Server\Server.csproj", "{686E26B9-298A-4E55-BF42-40A121FDDDBC}"
EndProject
Project("{FAE04EC0-301F-11D3-BF4B-00C04F79EFBC}") = "Sito", "Sito\Sito.csproj", "{209F5C43-A092-45E9-BC66-1ECBBB13E380}"
EndProject
Global
	GlobalSection(SolutionConfigurationPlatforms) = preSolution
		Debug|Any CPU = Debug|Any CPU
		Release|Any CPU = Release|Any CPU
	EndGlobalSection
	GlobalSection(ProjectConfigurationPlatforms) = postSolution
		{686E26B9-298A-4E55-BF42-40A121FDDDBC}.Debug|Any CPU.ActiveCfg = Debug|Any CPU
		{686E26B9-298A-4E55-BF42-40A121FDDDBC}.Debug|Any CPU.Build.0 = Debug|Any CPU
		{686E26B9-298A-4E55-BF42-40A121FDDDBC}.Release|Any CPU.ActiveCfg = Release|Any CPU
		{686E26B9-298A-4E55-BF42-40A121FDDDBC}.Release|Any CPU.Build.0 = Release|Any CPU
		{209F5C43-A092-45E9-BC66-1ECBBB13E380}.Debug|Any CPU.ActiveCfg = Debug|Any CPU
		{209F5C43-A092-45E9-BC66-1ECBBB13E380}.Debug|Any CPU.Build.0 = Debug|Any CPU
		{209F5C43-A092-45E9-BC66-1ECBBB13E380}.Release|Any CPU.ActiveCfg = Release|Any CPU
		{209F5C43-A092-45E9-BC66-1ECBBB13E380}.Release|Any CPU.Build.0 = Release|Any CPU
	EndGlobalSection
	GlobalSection(SolutionProperties) = preSolution
		HideSolutionNode = FALSE
	EndGlobalSection
	GlobalSection(ExtensibilityGlobals) = postSolution
		SolutionGuid = {61F69429-D3A3-422F-A633-0819754270CB}
	EndGlobalSection
EndGlobal
